
Microsoft Visual Studio Solution File, Format Version 12.00
# Visual Studio Version 16
VisualStudioVersion = 16.0.30320.27
MinimumVisualStudioVersion = 10.0.40219.1
Project("{8BC9CEB8-8B4A-11D0-8D11-00A0C91BC942}") = "Engine", "Engine.vcxproj", "{C933395E-827B-49A4-9921-8806632E5BF8}"
EndProject
Project("{8BC9CEB8-8B4A-11D0-8D11-00A0C91BC942}") = "DirectX", "DirectX.vcxproj", "{8C563E42-5410-40F7-8D90-BA1A7AE4450D}"
EndProject
Global
	GlobalSection(SolutionConfigurationPlatforms) = preSolution
		Debug|x64 = Debug|x64
		Debug|x86 = Debug|x86
		Release|x64 = Release|x64
		Release|x86 = Release|x86
	EndGlobalSection
	GlobalSection(ProjectConfigurationPlatforms) = postSolution
		{C933395E-827B-49A4-9921-8806632E5BF8}.Debug|x64.ActiveCfg = Debug|x64
		{C933395E-827B-49A4-9921-8806632E5BF8}.Debug|x64.Build.0 = Debug|x64
		{C933395E-827B-49A4-9921-8806632E5BF8}.Debug|x86.ActiveCfg = Debug|Win32
		{C933395E-827B-49A4-9921-8806632E5BF8}.Debug|x86.Build.0 = Debug|Win32
		{C933395E-827B-49A4-9921-8806632E5BF8}.Release|x64.ActiveCfg = Release|x64
		{C933395E-827B-49A4-9921-8806632E5BF8}.Release|x64.Build.0 = Release|x64
		{C933395E-827B-49A4-9921-8806632E5BF8}.Release|x86.ActiveCfg = Release|Win32
		{C933395E-827B-49A4-9921-8806632E5BF8}.Release|x86.Build.0 = Release|Win32
		{8C563E42-5410-40F7-8D90-BA1A7AE4450D}.Debug|x64.ActiveCfg = Debug|x64
		{8C563E42-5410-40F7-8D90-BA1A7AE4450D}.Debug|x64.Build.0 = Debug|x64
		{8C563E42-5410-40F7-8D90-BA1A7AE4450D}.Debug|x86.ActiveCfg = Debug|Win32
		{8C563E42-5410-40F7-8D90-BA1A7AE4450D}.Debug|x86.Build.0 = Debug|Win32
		{8C563E42-5410-40F7-8D90-BA1A7AE4450D}.Release|x64.ActiveCfg = Release|x64
		{8C563E42-5410-40F7-8D90-BA1A7AE4450D}.Release|x64.Build.0 = Release|x64
		{8C563E42-5410-40F7-8D90-BA1A7AE4450D}.Release|x86.ActiveCfg = Release|Win32
		{8C563E42-5410-40F7-8D90-BA1A7AE4450D}.Release|x86.Build.0 = Release|Win32
	EndGlobalSection
	GlobalSection(SolutionProperties) = preSolution
		HideSolutionNode = FALSE
	EndGlobalSection
	GlobalSection(ExtensibilityGlobals) = postSolution
		SolutionGuid = {4769D6D6-2EE5-48DF-9CDC-9A60F53631E2}
	EndGlobalSection
EndGlobal
