
Microsoft Visual Studio Solution File, Format Version 12.00
# Visual Studio Version 16
VisualStudioVersion = 16.0.30320.27
MinimumVisualStudioVersion = 10.0.40219.1
Project("{8BC9CEB8-8B4A-11D0-8D11-00A0C91BC942}") = "Engine", "Engine.vcxproj", "{C933395E-827B-49A4-9921-8806632E5BF8}"
EndProject
Project("{8BC9CEB8-8B4A-11D0-8D11-00A0C91BC942}") = "DirectX", "DirectX.vcxproj", "{8C563E42-5410-40F7-8D90-BA1A7AE4450D}"
	ProjectSection(ProjectDependencies) = postProject
		{B4506C87-5FD0-4130-BBDA-B4C4C72037DB} = {B4506C87-5FD0-4130-BBDA-B4C4C72037DB}
	EndProjectSection
EndProject
Project("{8BC9CEB8-8B4A-11D0-8D11-00A0C91BC942}") = "Renderer", "Renderer.vcxproj", "{B2962620-CB36-4E67-80D9-719239F491AF}"
EndProject
Project("{8BC9CEB8-8B4A-11D0-8D11-00A0C91BC942}") = "Utilities", "Utilities.vcxproj", "{B4506C87-5FD0-4130-BBDA-B4C4C72037DB}"
EndProject
Project("{2150E333-8FDC-42A3-9474-1A3956D46DE8}") = "ThirdParty", "ThirdParty", "{7880E34F-B58A-4474-9BF8-8CC14C3C25B2}"
EndProject
Project("{2150E333-8FDC-42A3-9474-1A3956D46DE8}") = "assimp", "assimp", "{94B94235-AD4C-409E-AC95-6417584E4A4D}"
	ProjectSection(SolutionItems) = preProject
		DirectX\ThirdParty\assimp\include\assimp\ai_assert.h = DirectX\ThirdParty\assimp\include\assimp\ai_assert.h
		DirectX\ThirdParty\assimp\include\assimp\anim.h = DirectX\ThirdParty\assimp\include\assimp\anim.h
		DirectX\ThirdParty\assimp\include\assimp\BaseImporter.h = DirectX\ThirdParty\assimp\include\assimp\BaseImporter.h
		DirectX\ThirdParty\assimp\include\assimp\Bitmap.h = DirectX\ThirdParty\assimp\include\assimp\Bitmap.h
		DirectX\ThirdParty\assimp\include\assimp\BlobIOSystem.h = DirectX\ThirdParty\assimp\include\assimp\BlobIOSystem.h
		DirectX\ThirdParty\assimp\include\assimp\ByteSwapper.h = DirectX\ThirdParty\assimp\include\assimp\ByteSwapper.h
		DirectX\ThirdParty\assimp\include\assimp\camera.h = DirectX\ThirdParty\assimp\include\assimp\camera.h
		DirectX\ThirdParty\assimp\include\assimp\cexport.h = DirectX\ThirdParty\assimp\include\assimp\cexport.h
		DirectX\ThirdParty\assimp\include\assimp\cfileio.h = DirectX\ThirdParty\assimp\include\assimp\cfileio.h
		DirectX\ThirdParty\assimp\include\assimp\cimport.h = DirectX\ThirdParty\assimp\include\assimp\cimport.h
		DirectX\ThirdParty\assimp\include\assimp\color4.h = DirectX\ThirdParty\assimp\include\assimp\color4.h
		DirectX\ThirdParty\assimp\include\assimp\color4.inl = DirectX\ThirdParty\assimp\include\assimp\color4.inl
		DirectX\ThirdParty\assimp\include\assimp\config.h = DirectX\ThirdParty\assimp\include\assimp\config.h
		DirectX\ThirdParty\assimp\include\assimp\config.h.in = DirectX\ThirdParty\assimp\include\assimp\config.h.in
		DirectX\ThirdParty\assimp\include\assimp\CreateAnimMesh.h = DirectX\ThirdParty\assimp\include\assimp\CreateAnimMesh.h
		DirectX\ThirdParty\assimp\include\assimp\DefaultIOStream.h = DirectX\ThirdParty\assimp\include\assimp\DefaultIOStream.h
		DirectX\ThirdParty\assimp\include\assimp\DefaultIOSystem.h = DirectX\ThirdParty\assimp\include\assimp\DefaultIOSystem.h
		DirectX\ThirdParty\assimp\include\assimp\DefaultLogger.hpp = DirectX\ThirdParty\assimp\include\assimp\DefaultLogger.hpp
		DirectX\ThirdParty\assimp\include\assimp\Defines.h = DirectX\ThirdParty\assimp\include\assimp\Defines.h
		DirectX\ThirdParty\assimp\include\assimp\defs.h = DirectX\ThirdParty\assimp\include\assimp\defs.h
		DirectX\ThirdParty\assimp\include\assimp\Exceptional.h = DirectX\ThirdParty\assimp\include\assimp\Exceptional.h
		DirectX\ThirdParty\assimp\include\assimp\Exporter.hpp = DirectX\ThirdParty\assimp\include\assimp\Exporter.hpp
		DirectX\ThirdParty\assimp\include\assimp\fast_atof.h = DirectX\ThirdParty\assimp\include\assimp\fast_atof.h
		DirectX\ThirdParty\assimp\include\assimp\GenericProperty.h = DirectX\ThirdParty\assimp\include\assimp\GenericProperty.h
		DirectX\ThirdParty\assimp\include\assimp\Hash.h = DirectX\ThirdParty\assimp\include\assimp\Hash.h
		DirectX\ThirdParty\assimp\include\assimp\Importer.hpp = DirectX\ThirdParty\assimp\include\assimp\Importer.hpp
		DirectX\ThirdParty\assimp\include\assimp\importerdesc.h = DirectX\ThirdParty\assimp\include\assimp\importerdesc.h
		DirectX\ThirdParty\assimp\include\assimp\IOStream.hpp = DirectX\ThirdParty\assimp\include\assimp\IOStream.hpp
		DirectX\ThirdParty\assimp\include\assimp\IOStreamBuffer.h = DirectX\ThirdParty\assimp\include\assimp\IOStreamBuffer.h
		DirectX\ThirdParty\assimp\include\assimp\IOSystem.hpp = DirectX\ThirdParty\assimp\include\assimp\IOSystem.hpp
		DirectX\ThirdParty\assimp\include\assimp\irrXMLWrapper.h = DirectX\ThirdParty\assimp\include\assimp\irrXMLWrapper.h
		DirectX\ThirdParty\assimp\include\assimp\light.h = DirectX\ThirdParty\assimp\include\assimp\light.h
		DirectX\ThirdParty\assimp\include\assimp\LineSplitter.h = DirectX\ThirdParty\assimp\include\assimp\LineSplitter.h
		DirectX\ThirdParty\assimp\include\assimp\LogAux.h = DirectX\ThirdParty\assimp\include\assimp\LogAux.h
		DirectX\ThirdParty\assimp\include\assimp\Logger.hpp = DirectX\ThirdParty\assimp\include\assimp\Logger.hpp
		DirectX\ThirdParty\assimp\include\assimp\LogStream.hpp = DirectX\ThirdParty\assimp\include\assimp\LogStream.hpp
		DirectX\ThirdParty\assimp\include\assimp\Macros.h = DirectX\ThirdParty\assimp\include\assimp\Macros.h
		DirectX\ThirdParty\assimp\include\assimp\material.h = DirectX\ThirdParty\assimp\include\assimp\material.h
		DirectX\ThirdParty\assimp\include\assimp\material.inl = DirectX\ThirdParty\assimp\include\assimp\material.inl
		DirectX\ThirdParty\assimp\include\assimp\MathFunctions.h = DirectX\ThirdParty\assimp\include\assimp\MathFunctions.h
		DirectX\ThirdParty\assimp\include\assimp\matrix3x3.h = DirectX\ThirdParty\assimp\include\assimp\matrix3x3.h
		DirectX\ThirdParty\assimp\include\assimp\matrix3x3.inl = DirectX\ThirdParty\assimp\include\assimp\matrix3x3.inl
		DirectX\ThirdParty\assimp\include\assimp\matrix4x4.h = DirectX\ThirdParty\assimp\include\assimp\matrix4x4.h
		DirectX\ThirdParty\assimp\include\assimp\matrix4x4.inl = DirectX\ThirdParty\assimp\include\assimp\matrix4x4.inl
		DirectX\ThirdParty\assimp\include\assimp\MemoryIOWrapper.h = DirectX\ThirdParty\assimp\include\assimp\MemoryIOWrapper.h
		DirectX\ThirdParty\assimp\include\assimp\mesh.h = DirectX\ThirdParty\assimp\include\assimp\mesh.h
		DirectX\ThirdParty\assimp\include\assimp\metadata.h = DirectX\ThirdParty\assimp\include\assimp\metadata.h
		DirectX\ThirdParty\assimp\include\assimp\NullLogger.hpp = DirectX\ThirdParty\assimp\include\assimp\NullLogger.hpp
		DirectX\ThirdParty\assimp\include\assimp\ParsingUtils.h = DirectX\ThirdParty\assimp\include\assimp\ParsingUtils.h
		DirectX\ThirdParty\assimp\include\assimp\pbrmaterial.h = DirectX\ThirdParty\assimp\include\assimp\pbrmaterial.h
		DirectX\ThirdParty\assimp\include\assimp\postprocess.h = DirectX\ThirdParty\assimp\include\assimp\postprocess.h
		DirectX\ThirdParty\assimp\include\assimp\Profiler.h = DirectX\ThirdParty\assimp\include\assimp\Profiler.h
		DirectX\ThirdParty\assimp\include\assimp\ProgressHandler.hpp = DirectX\ThirdParty\assimp\include\assimp\ProgressHandler.hpp
		DirectX\ThirdParty\assimp\include\assimp\qnan.h = DirectX\ThirdParty\assimp\include\assimp\qnan.h
		DirectX\ThirdParty\assimp\include\assimp\quaternion.h = DirectX\ThirdParty\assimp\include\assimp\quaternion.h
		DirectX\ThirdParty\assimp\include\assimp\quaternion.inl = DirectX\ThirdParty\assimp\include\assimp\quaternion.inl
		DirectX\ThirdParty\assimp\include\assimp\RemoveComments.h = DirectX\ThirdParty\assimp\include\assimp\RemoveComments.h
		DirectX\ThirdParty\assimp\include\assimp\scene.h = DirectX\ThirdParty\assimp\include\assimp\scene.h
		DirectX\ThirdParty\assimp\include\assimp\SceneCombiner.h = DirectX\ThirdParty\assimp\include\assimp\SceneCombiner.h
		DirectX\ThirdParty\assimp\include\assimp\SGSpatialSort.h = DirectX\ThirdParty\assimp\include\assimp\SGSpatialSort.h
		DirectX\ThirdParty\assimp\include\assimp\SkeletonMeshBuilder.h = DirectX\ThirdParty\assimp\include\assimp\SkeletonMeshBuilder.h
		DirectX\ThirdParty\assimp\include\assimp\SmoothingGroups.h = DirectX\ThirdParty\assimp\include\assimp\SmoothingGroups.h
		DirectX\ThirdParty\assimp\include\assimp\SmoothingGroups.inl = DirectX\ThirdParty\assimp\include\assimp\SmoothingGroups.inl
		DirectX\ThirdParty\assimp\include\assimp\SpatialSort.h = DirectX\ThirdParty\assimp\include\assimp\SpatialSort.h
		DirectX\ThirdParty\assimp\include\assimp\StandardShapes.h = DirectX\ThirdParty\assimp\include\assimp\StandardShapes.h
		DirectX\ThirdParty\assimp\include\assimp\StreamReader.h = DirectX\ThirdParty\assimp\include\assimp\StreamReader.h
		DirectX\ThirdParty\assimp\include\assimp\StreamWriter.h = DirectX\ThirdParty\assimp\include\assimp\StreamWriter.h
		DirectX\ThirdParty\assimp\include\assimp\StringComparison.h = DirectX\ThirdParty\assimp\include\assimp\StringComparison.h
		DirectX\ThirdParty\assimp\include\assimp\StringUtils.h = DirectX\ThirdParty\assimp\include\assimp\StringUtils.h
		DirectX\ThirdParty\assimp\include\assimp\Subdivision.h = DirectX\ThirdParty\assimp\include\assimp\Subdivision.h
		DirectX\ThirdParty\assimp\include\assimp\texture.h = DirectX\ThirdParty\assimp\include\assimp\texture.h
		DirectX\ThirdParty\assimp\include\assimp\TinyFormatter.h = DirectX\ThirdParty\assimp\include\assimp\TinyFormatter.h
		DirectX\ThirdParty\assimp\include\assimp\types.h = DirectX\ThirdParty\assimp\include\assimp\types.h
		DirectX\ThirdParty\assimp\include\assimp\vector2.h = DirectX\ThirdParty\assimp\include\assimp\vector2.h
		DirectX\ThirdParty\assimp\include\assimp\vector2.inl = DirectX\ThirdParty\assimp\include\assimp\vector2.inl
		DirectX\ThirdParty\assimp\include\assimp\vector3.h = DirectX\ThirdParty\assimp\include\assimp\vector3.h
		DirectX\ThirdParty\assimp\include\assimp\vector3.inl = DirectX\ThirdParty\assimp\include\assimp\vector3.inl
		DirectX\ThirdParty\assimp\include\assimp\version.h = DirectX\ThirdParty\assimp\include\assimp\version.h
		DirectX\ThirdParty\assimp\include\assimp\Vertex.h = DirectX\ThirdParty\assimp\include\assimp\Vertex.h
		DirectX\ThirdParty\assimp\include\assimp\XMLTools.h = DirectX\ThirdParty\assimp\include\assimp\XMLTools.h
	EndProjectSection
EndProject
Project("{2150E333-8FDC-42A3-9474-1A3956D46DE8}") = "DirectXTex", "DirectXTex", "{DF3DF4F3-41E8-4284-9EFB-EAAF4ED3F11E}"
	ProjectSection(SolutionItems) = preProject
		DirectX\ThirdParty\DirectXTex\Include\BC.cpp = DirectX\ThirdParty\DirectXTex\Include\BC.cpp
		DirectX\ThirdParty\DirectXTex\Include\BC.h = DirectX\ThirdParty\DirectXTex\Include\BC.h
		DirectX\ThirdParty\DirectXTex\Include\BC4BC5.cpp = DirectX\ThirdParty\DirectXTex\Include\BC4BC5.cpp
		DirectX\ThirdParty\DirectXTex\Include\BC6HBC7.cpp = DirectX\ThirdParty\DirectXTex\Include\BC6HBC7.cpp
		DirectX\ThirdParty\DirectXTex\Include\BCDirectCompute.cpp = DirectX\ThirdParty\DirectXTex\Include\BCDirectCompute.cpp
		DirectX\ThirdParty\DirectXTex\Include\BCDirectCompute.h = DirectX\ThirdParty\DirectXTex\Include\BCDirectCompute.h
		DirectX\ThirdParty\DirectXTex\Include\d3dx12.h = DirectX\ThirdParty\DirectXTex\Include\d3dx12.h
		DirectX\ThirdParty\DirectXTex\Include\DDS.h = DirectX\ThirdParty\DirectXTex\Include\DDS.h
		DirectX\ThirdParty\DirectXTex\Include\DirectXTex.h = DirectX\ThirdParty\DirectXTex\Include\DirectXTex.h
		DirectX\ThirdParty\DirectXTex\Include\DirectXTex.inl = DirectX\ThirdParty\DirectXTex\Include\DirectXTex.inl
		DirectX\ThirdParty\DirectXTex\Include\DirectXTexCompress.cpp = DirectX\ThirdParty\DirectXTex\Include\DirectXTexCompress.cpp
		DirectX\ThirdParty\DirectXTex\Include\DirectXTexCompressGPU.cpp = DirectX\ThirdParty\DirectXTex\Include\DirectXTexCompressGPU.cpp
		DirectX\ThirdParty\DirectXTex\Include\DirectXTexConvert.cpp = DirectX\ThirdParty\DirectXTex\Include\DirectXTexConvert.cpp
		DirectX\ThirdParty\DirectXTex\Include\DirectXTexD3D11.cpp = DirectX\ThirdParty\DirectXTex\Include\DirectXTexD3D11.cpp
		DirectX\ThirdParty\DirectXTex\Include\DirectXTexD3D12.cpp = DirectX\ThirdParty\DirectXTex\Include\DirectXTexD3D12.cpp
		DirectX\ThirdParty\DirectXTex\Include\DirectXTexDDS.cpp = DirectX\ThirdParty\DirectXTex\Include\DirectXTexDDS.cpp
		DirectX\ThirdParty\DirectXTex\Include\DirectXTexFlipRotate.cpp = DirectX\ThirdParty\DirectXTex\Include\DirectXTexFlipRotate.cpp
		DirectX\ThirdParty\DirectXTex\Include\DirectXTexHDR.cpp = DirectX\ThirdParty\DirectXTex\Include\DirectXTexHDR.cpp
		DirectX\ThirdParty\DirectXTex\Include\DirectXTexImage.cpp = DirectX\ThirdParty\DirectXTex\Include\DirectXTexImage.cpp
		DirectX\ThirdParty\DirectXTex\Include\DirectXTexMipmaps.cpp = DirectX\ThirdParty\DirectXTex\Include\DirectXTexMipmaps.cpp
		DirectX\ThirdParty\DirectXTex\Include\DirectXTexMisc.cpp = DirectX\ThirdParty\DirectXTex\Include\DirectXTexMisc.cpp
		DirectX\ThirdParty\DirectXTex\Include\DirectXTexNormalMaps.cpp = DirectX\ThirdParty\DirectXTex\Include\DirectXTexNormalMaps.cpp
		DirectX\ThirdParty\DirectXTex\Include\DirectXTexP.h = DirectX\ThirdParty\DirectXTex\Include\DirectXTexP.h
		DirectX\ThirdParty\DirectXTex\Include\DirectXTexPMAlpha.cpp = DirectX\ThirdParty\DirectXTex\Include\DirectXTexPMAlpha.cpp
		DirectX\ThirdParty\DirectXTex\Include\DirectXTexResize.cpp = DirectX\ThirdParty\DirectXTex\Include\DirectXTexResize.cpp
		DirectX\ThirdParty\DirectXTex\Include\DirectXTexTGA.cpp = DirectX\ThirdParty\DirectXTex\Include\DirectXTexTGA.cpp
		DirectX\ThirdParty\DirectXTex\Include\DirectXTexUtil.cpp = DirectX\ThirdParty\DirectXTex\Include\DirectXTexUtil.cpp
		DirectX\ThirdParty\DirectXTex\Include\DirectXTexWIC.cpp = DirectX\ThirdParty\DirectXTex\Include\DirectXTexWIC.cpp
		DirectX\ThirdParty\DirectXTex\Include\filters.h = DirectX\ThirdParty\DirectXTex\Include\filters.h
		DirectX\ThirdParty\DirectXTex\Include\scoped.h = DirectX\ThirdParty\DirectXTex\Include\scoped.h
	EndProjectSection
EndProject
Project("{2150E333-8FDC-42A3-9474-1A3956D46DE8}") = "Microsoft", "Microsoft", "{3B221B71-1172-495C-90EC-4E0EAEB22D3F}"
	ProjectSection(SolutionItems) = preProject
		DirectX\ThirdParty\Microsoft\Include\ScreenGrab.cpp = DirectX\ThirdParty\Microsoft\Include\ScreenGrab.cpp
		DirectX\ThirdParty\Microsoft\Include\ScreenGrab.h = DirectX\ThirdParty\Microsoft\Include\ScreenGrab.h
	EndProjectSection
EndProject
Global
	GlobalSection(SolutionConfigurationPlatforms) = preSolution
		Debug|x64 = Debug|x64
		Debug|x86 = Debug|x86
		Release|x64 = Release|x64
		Release|x86 = Release|x86
	EndGlobalSection
	GlobalSection(ProjectConfigurationPlatforms) = postSolution
		{C933395E-827B-49A4-9921-8806632E5BF8}.Debug|x64.ActiveCfg = Debug|x64
		{C933395E-827B-49A4-9921-8806632E5BF8}.Debug|x64.Build.0 = Debug|x64
		{C933395E-827B-49A4-9921-8806632E5BF8}.Debug|x86.ActiveCfg = Debug|x64
		{C933395E-827B-49A4-9921-8806632E5BF8}.Debug|x86.Build.0 = Debug|x64
		{C933395E-827B-49A4-9921-8806632E5BF8}.Release|x64.ActiveCfg = Release|x64
		{C933395E-827B-49A4-9921-8806632E5BF8}.Release|x64.Build.0 = Release|x64
		{C933395E-827B-49A4-9921-8806632E5BF8}.Release|x86.ActiveCfg = Release|Win32
		{C933395E-827B-49A4-9921-8806632E5BF8}.Release|x86.Build.0 = Release|Win32
		{8C563E42-5410-40F7-8D90-BA1A7AE4450D}.Debug|x64.ActiveCfg = Debug|x64
		{8C563E42-5410-40F7-8D90-BA1A7AE4450D}.Debug|x64.Build.0 = Debug|x64
		{8C563E42-5410-40F7-8D90-BA1A7AE4450D}.Debug|x86.ActiveCfg = Debug|x64
		{8C563E42-5410-40F7-8D90-BA1A7AE4450D}.Debug|x86.Build.0 = Debug|x64
		{8C563E42-5410-40F7-8D90-BA1A7AE4450D}.Release|x64.ActiveCfg = Release|x64
		{8C563E42-5410-40F7-8D90-BA1A7AE4450D}.Release|x64.Build.0 = Release|x64
		{8C563E42-5410-40F7-8D90-BA1A7AE4450D}.Release|x86.ActiveCfg = Release|Win32
		{8C563E42-5410-40F7-8D90-BA1A7AE4450D}.Release|x86.Build.0 = Release|Win32
		{B2962620-CB36-4E67-80D9-719239F491AF}.Debug|x64.ActiveCfg = Debug|x64
		{B2962620-CB36-4E67-80D9-719239F491AF}.Debug|x64.Build.0 = Debug|x64
		{B2962620-CB36-4E67-80D9-719239F491AF}.Debug|x86.ActiveCfg = Debug|Win32
		{B2962620-CB36-4E67-80D9-719239F491AF}.Debug|x86.Build.0 = Debug|Win32
		{B2962620-CB36-4E67-80D9-719239F491AF}.Release|x64.ActiveCfg = Release|x64
		{B2962620-CB36-4E67-80D9-719239F491AF}.Release|x64.Build.0 = Release|x64
		{B2962620-CB36-4E67-80D9-719239F491AF}.Release|x86.ActiveCfg = Release|Win32
		{B2962620-CB36-4E67-80D9-719239F491AF}.Release|x86.Build.0 = Release|Win32
		{B4506C87-5FD0-4130-BBDA-B4C4C72037DB}.Debug|x64.ActiveCfg = Debug|x64
		{B4506C87-5FD0-4130-BBDA-B4C4C72037DB}.Debug|x64.Build.0 = Debug|x64
		{B4506C87-5FD0-4130-BBDA-B4C4C72037DB}.Debug|x86.ActiveCfg = Debug|Win32
		{B4506C87-5FD0-4130-BBDA-B4C4C72037DB}.Debug|x86.Build.0 = Debug|Win32
		{B4506C87-5FD0-4130-BBDA-B4C4C72037DB}.Release|x64.ActiveCfg = Release|x64
		{B4506C87-5FD0-4130-BBDA-B4C4C72037DB}.Release|x64.Build.0 = Release|x64
		{B4506C87-5FD0-4130-BBDA-B4C4C72037DB}.Release|x86.ActiveCfg = Release|Win32
		{B4506C87-5FD0-4130-BBDA-B4C4C72037DB}.Release|x86.Build.0 = Release|Win32
	EndGlobalSection
	GlobalSection(SolutionProperties) = preSolution
		HideSolutionNode = FALSE
	EndGlobalSection
	GlobalSection(NestedProjects) = preSolution
		{94B94235-AD4C-409E-AC95-6417584E4A4D} = {7880E34F-B58A-4474-9BF8-8CC14C3C25B2}
		{DF3DF4F3-41E8-4284-9EFB-EAAF4ED3F11E} = {7880E34F-B58A-4474-9BF8-8CC14C3C25B2}
		{3B221B71-1172-495C-90EC-4E0EAEB22D3F} = {7880E34F-B58A-4474-9BF8-8CC14C3C25B2}
	EndGlobalSection
	GlobalSection(ExtensibilityGlobals) = postSolution
		SolutionGuid = {4769D6D6-2EE5-48DF-9CDC-9A60F53631E2}
	EndGlobalSection
EndGlobal
