<?xml version="1.0" encoding="utf-8"?>
<Project ToolsVersion="4.0" xmlns="http://schemas.microsoft.com/developer/msbuild/2003">
  <ItemGroup>
    <Filter Include="Source Files">
      <UniqueIdentifier>{4FC737F1-C7A5-4376-A066-2A32D752A2FF}</UniqueIdentifier>
      <Extensions>cpp;c;cc;cxx;c++;def;odl;idl;hpj;bat;asm;asmx</Extensions>
    </Filter>
    <Filter Include="Source Files\Scenes">
      <UniqueIdentifier>{d2215dfd-99ed-4716-b2c0-da02457b629b}</UniqueIdentifier>
    </Filter>
    <Filter Include="Source Files\Passes">
      <UniqueIdentifier>{c6d55d67-e161-4cee-bb52-084337d7b9ee}</UniqueIdentifier>
    </Filter>
  </ItemGroup>
  <ItemGroup>
    <ClCompile Include="DirectX\Engine\Window.cpp">
      <Filter>Source Files</Filter>
    </ClCompile>
    <ClCompile Include="DirectX\Engine\Engine.cpp">
      <Filter>Source Files</Filter>
    </ClCompile>
    <ClCompile Include="DirectX\Engine\DeltaTime.cpp">
      <Filter>Source Files</Filter>
    </ClCompile>
    <ClCompile Include="DirectX\Engine\Input.cpp">
      <Filter>Source Files</Filter>
    </ClCompile>
    <ClCompile Include="DirectX\Engine\ThreadPool.cpp">
      <Filter>Source Files</Filter>
    </ClCompile>
    <ClCompile Include="DirectX\Engine\Scenes\BasicShapesScene.cpp">
      <Filter>Source Files\Scenes</Filter>
    </ClCompile>
    <ClCompile Include="DirectX\Engine\Mesh.cpp">
      <Filter>Source Files</Filter>
    </ClCompile>
    <ClCompile Include="DirectX\Engine\Transform.cpp">
      <Filter>Source Files</Filter>
    </ClCompile>
    <ClCompile Include="DirectX\Engine\Camera.cpp">
      <Filter>Source Files</Filter>
    </ClCompile>
    <ClCompile Include="DirectX\Engine\Scenes\Scene.cpp">
      <Filter>Source Files\Scenes</Filter>
    </ClCompile>
    <ClCompile Include="DirectX\Engine\Scenes\CornellScene.cpp">
      <Filter>Source Files\Scenes</Filter>
    </ClCompile>
    <ClCompile Include="DirectX\Engine\FileIO.cpp">
      <Filter>Source Files</Filter>
    </ClCompile>
    <ClCompile Include="DirectX\Engine\Model.cpp">
      <Filter>Source Files</Filter>
    </ClCompile>
    <ClCompile Include="DirectX\Engine\Object.cpp">
      <Filter>Source Files</Filter>
    </ClCompile>
    <ClCompile Include="DirectX\Engine\Passes\BasePass.cpp">
      <Filter>Source Files\Passes</Filter>
    </ClCompile>
    <ClCompile Include="DirectX\Engine\Passes\DeferredLightingPass.cpp">
      <Filter>Source Files\Passes</Filter>
    </ClCompile>
    <ClCompile Include="DirectX\Engine\Light.cpp">
      <Filter>Source Files</Filter>
    </ClCompile>
    <ClCompile Include="DirectX\Engine\Scenes\DepthPrepass.cpp">
      <Filter>Source Files\Passes</Filter>
    </ClCompile>
  </ItemGroup>
  <ItemGroup>
    <ClInclude Include="DirectX\Engine\Engine.h">
      <Filter>Source Files</Filter>
    </ClInclude>
    <ClInclude Include="DirectX\Engine\Window.h">
      <Filter>Source Files</Filter>
    </ClInclude>
    <ClInclude Include="DirectX\Engine\ThreadPool.h">
      <Filter>Source Files</Filter>
    </ClInclude>
    <ClInclude Include="DirectX\Engine\DeltaTime.h">
      <Filter>Source Files</Filter>
    </ClInclude>
    <ClInclude Include="DirectX\Engine\Input.h">
      <Filter>Source Files</Filter>
    </ClInclude>
    <ClInclude Include="DirectX\Engine\Scenes\Scene.h">
      <Filter>Source Files\Scenes</Filter>
    </ClInclude>
    <ClInclude Include="DirectX\Engine\Scenes\BasicShapesScene.h">
      <Filter>Source Files\Scenes</Filter>
    </ClInclude>
    <ClInclude Include="DirectX\Engine\Mesh.h">
      <Filter>Source Files</Filter>
    </ClInclude>
    <ClInclude Include="DirectX\Engine\Model.h">
      <Filter>Source Files</Filter>
    </ClInclude>
    <ClInclude Include="DirectX\Engine\Transform.h">
      <Filter>Source Files</Filter>
    </ClInclude>
    <ClInclude Include="DirectX\Engine\Camera.h">
      <Filter>Source Files</Filter>
    </ClInclude>
    <ClInclude Include="DirectX\Engine\Passes\Pass.h">
      <Filter>Source Files\Passes</Filter>
    </ClInclude>
    <ClInclude Include="DirectX\Engine\Passes\BasePass.h">
      <Filter>Source Files\Passes</Filter>
    </ClInclude>
    <ClInclude Include="DirectX\Engine\Scenes\CornellScene.h">
      <Filter>Source Files\Scenes</Filter>
    </ClInclude>
    <ClInclude Include="DirectX\Engine\FileIO.h">
      <Filter>Source Files</Filter>
    </ClInclude>
    <ClInclude Include="DirectX\Engine\Object.h">
      <Filter>Source Files</Filter>
    </ClInclude>
    <ClInclude Include="DirectX\Engine\Passes\DeferredLightingPass.h">
      <Filter>Source Files\Passes</Filter>
    </ClInclude>
    <ClInclude Include="DirectX\Engine\Light.h">
      <Filter>Source Files</Filter>
    </ClInclude>
    <ClInclude Include="DirectX\Engine\Scenes\DepthPrepass.h">
      <Filter>Source Files\Passes</Filter>
    </ClInclude>
  </ItemGroup>
  <ItemGroup>
    <None Include="DirectX\Defaults.ini" />
  </ItemGroup>
</Project>