<?xml version="1.0" encoding="utf-8"?>
<Project ToolsVersion="4.0" xmlns="http://schemas.microsoft.com/developer/msbuild/2003">
  <ItemGroup>
    <Filter Include="Source Files">
      <UniqueIdentifier>{4FC737F1-C7A5-4376-A066-2A32D752A2FF}</UniqueIdentifier>
      <Extensions>cpp;c;cc;cxx;c++;def;odl;idl;hpj;bat;asm;asmx</Extensions>
    </Filter>
    <Filter Include="Source Files\Shaders">
      <UniqueIdentifier>{a60bd900-70ac-4b13-8dbb-70f31c2ae7cb}</UniqueIdentifier>
    </Filter>
  </ItemGroup>
  <ItemGroup>
    <ClCompile Include="DirectX\Renderer\D3D11Interface.cpp">
      <Filter>Source Files</Filter>
    </ClCompile>
    <ClCompile Include="DirectX\Renderer\Renderer.cpp">
      <Filter>Source Files</Filter>
    </ClCompile>
  </ItemGroup>
  <ItemGroup>
    <ClInclude Include="DirectX\Renderer\D3D11Interface.h">
      <Filter>Source Files</Filter>
    </ClInclude>
    <ClInclude Include="DirectX\Renderer\Renderer.h">
      <Filter>Source Files</Filter>
    </ClInclude>
    <ClInclude Include="DirectX\Renderer\D3DDefines.h">
      <Filter>Source Files</Filter>
    </ClInclude>
    <ClInclude Include="DirectX\Renderer\Shader.h">
      <Filter>Source Files</Filter>
    </ClInclude>
    <ClInclude Include="DirectX\Renderer\Shaders\BasePassStructs.h">
      <Filter>Source Files\Shaders</Filter>
    </ClInclude>
    <ClInclude Include="DirectX\Renderer\Shaders\HLSLGlue.h" />
    <ClInclude Include="DirectX\Renderer\BufferKeys.h">
      <Filter>Source Files</Filter>
    </ClInclude>
    <ClInclude Include="DirectX\Renderer\StructCollection.h">
      <Filter>Source Files\Shaders</Filter>
    </ClInclude>
    <ClInclude Include="DirectX\Renderer\BufferStruct.h">
      <Filter>Source Files</Filter>
    </ClInclude>
    <ClInclude Include="DirectX\Renderer\RenderEnums.h">
      <Filter>Source Files</Filter>
    </ClInclude>
    <ClInclude Include="DirectX\Renderer\Shaders\DebugLinesStructs.h">
      <Filter>Source Files\Shaders</Filter>
    </ClInclude>
    <ClInclude Include="DirectX\Renderer\Shaders\ScreenQuadStructs.h">
      <Filter>Source Files\Shaders</Filter>
    </ClInclude>
  </ItemGroup>
  <ItemGroup>
    <FxCompile Include="DirectX\Renderer\Shaders\BasePassPS.hlsl">
      <Filter>Source Files\Shaders</Filter>
    </FxCompile>
    <FxCompile Include="DirectX\Renderer\Shaders\BasePassVS.hlsl">
      <Filter>Source Files\Shaders</Filter>
    </FxCompile>
    <FxCompile Include="DirectX\Renderer\Shaders\DebugLinesVS.hlsl">
      <Filter>Source Files\Shaders</Filter>
    </FxCompile>
    <FxCompile Include="DirectX\Renderer\Shaders\DebugLinesPS.hlsl">
      <Filter>Source Files\Shaders</Filter>
    </FxCompile>
    <FxCompile Include="DirectX\Renderer\Shaders\ScreenQuadVS.hlsl">
      <Filter>Source Files\Shaders</Filter>
    </FxCompile>
  </ItemGroup>
</Project>